# This file is generated by running "yarn install" inside your project.
# Manual changes might be lost - proceed with caution!

__metadata:
  version: 8
  cacheKey: 10c0

"@discordeno/bot@npm:20.0.0":
  version: 20.0.0
  resolution: "@discordeno/bot@npm:20.0.0"
  dependencies:
    "@discordeno/gateway": "npm:20.0.0"
    "@discordeno/rest": "npm:20.0.0"
    "@discordeno/types": "npm:20.0.0"
    "@discordeno/utils": "npm:20.0.0"
  checksum: 10c0/62f22f0886ab845047c5b30c733ffd22faf74a667f734eb1707ac7f192eddaeabcf8b8f0cbc34038515ee8f98eea27d45ea9fc6d45ff7e457e1c4da3e0c0bd00
  languageName: node
  linkType: hard

"@discordeno/gateway@npm:20.0.0":
  version: 20.0.0
  resolution: "@discordeno/gateway@npm:20.0.0"
  dependencies:
    "@discordeno/types": "npm:20.0.0"
    "@discordeno/utils": "npm:20.0.0"
    fzstd: "npm:^0.1.1"
    ws: "npm:^8.18.0"
  dependenciesMeta:
    fzstd:
      optional: true
  checksum: 10c0/fd791b20a762eeb8d22395d5b9a798f40b86a3252c2193aaaff674d180acf55a7db069ead32427458c93453bf2713143a73e752a69f45195a0abf4862f19db82
  languageName: node
  linkType: hard

"@discordeno/rest@npm:20.0.0":
  version: 20.0.0
  resolution: "@discordeno/rest@npm:20.0.0"
  dependencies:
    "@discordeno/types": "npm:20.0.0"
    "@discordeno/utils": "npm:20.0.0"
  checksum: 10c0/c7693ad750c4cfe98b9ac56c584277285621cbccb3ffc65becc4cbb84abaf2cd7c062051555709d4beb214adfa09f2da550d954368e1c2585c5658d11c92fb2b
  languageName: node
  linkType: hard

"@discordeno/types@npm:20.0.0":
  version: 20.0.0
  resolution: "@discordeno/types@npm:20.0.0"
  checksum: 10c0/b768d91d4e2f084f56299f62854ad396376b41a8138d3c299d4f1da89a1067395060a3927101a6d69d5aa53021c92e860ab64fda07e50af6ecb3b2f50574346e
  languageName: node
  linkType: hard

"@discordeno/utils@npm:20.0.0":
  version: 20.0.0
  resolution: "@discordeno/utils@npm:20.0.0"
  dependencies:
    "@discordeno/types": "npm:20.0.0"
  checksum: 10c0/cb7afa7107820ef3e762497d9713ea3ae92155f5663b98d5aed129bd818fc7951fb42bffa7b167cdddd530a8f84f3f029b3446feb13f96fe98bb8dc1363dfa97
  languageName: node
  linkType: hard

"@types/node@npm:^22.9.0":
  version: 22.9.0
  resolution: "@types/node@npm:22.9.0"
  dependencies:
    undici-types: "npm:~6.19.8"
  checksum: 10c0/3f46cbe0a49bab4ba30494025e4c8a6e699b98ac922857aa1f0209ce11a1313ee46e6808b8f13fe5b8b960a9d7796b77c8d542ad4e9810e85ef897d5593b5d51
  languageName: node
  linkType: hard

"chalk@npm:^5.3.0":
  version: 5.3.0
  resolution: "chalk@npm:5.3.0"
  checksum: 10c0/8297d436b2c0f95801103ff2ef67268d362021b8210daf8ddbe349695333eb3610a71122172ff3b0272f1ef2cf7cc2c41fdaa4715f52e49ffe04c56340feed09
  languageName: node
  linkType: hard

"dd-minimal-bot@workspace:.":
  version: 0.0.0-use.local
  resolution: "dd-minimal-bot@workspace:."
  dependencies:
    "@discordeno/bot": "npm:20.0.0"
    "@types/node": "npm:^22.9.0"
    chalk: "npm:^5.3.0"
    dotenv: "npm:^16.4.5"
    typescript: "npm:^5.6.3"
  languageName: unknown
  linkType: soft

"dotenv@npm:^16.4.5":
  version: 16.4.5
  resolution: "dotenv@npm:16.4.5"
  checksum: 10c0/48d92870076832af0418b13acd6e5a5a3e83bb00df690d9812e94b24aff62b88ade955ac99a05501305b8dc8f1b0ee7638b18493deb6fe93d680e5220936292f
  languageName: node
  linkType: hard

"fzstd@npm:^0.1.1":
  version: 0.1.1
  resolution: "fzstd@npm:0.1.1"
  checksum: 10c0/c4ae25a4b9e7ac58e9716fcb0c4ec19f3e678d90a67a59e97ce361beb27e4aa4b8666b58b4dc2d715e92db4b65b189c978186a5fedba6fccb5ec9765717dd1cd
  languageName: node
  linkType: hard

"typescript@npm:^5.6.3":
  version: 5.6.3
  resolution: "typescript@npm:5.6.3"
  bin:
    tsc: bin/tsc
    tsserver: bin/tsserver
  checksum: 10c0/44f61d3fb15c35359bc60399cb8127c30bae554cd555b8e2b46d68fa79d680354b83320ad419ff1b81a0bdf324197b29affe6cc28988cd6a74d4ac60c94f9799
  languageName: node
  linkType: hard

"typescript@patch:typescript@npm%3A^5.6.3#optional!builtin<compat/typescript>":
  version: 5.6.3
  resolution: "typescript@patch:typescript@npm%3A5.6.3#optional!builtin<compat/typescript>::version=5.6.3&hash=8c6c40"
  bin:
    tsc: bin/tsc
    tsserver: bin/tsserver
  checksum: 10c0/7c9d2e07c81226d60435939618c91ec2ff0b75fbfa106eec3430f0fcf93a584bc6c73176676f532d78c3594fe28a54b36eb40b3d75593071a7ec91301533ace7
  languageName: node
  linkType: hard

"undici-types@npm:~6.19.8":
  version: 6.19.8
  resolution: "undici-types@npm:6.19.8"
  checksum: 10c0/078afa5990fba110f6824823ace86073b4638f1d5112ee26e790155f481f2a868cc3e0615505b6f4282bdf74a3d8caad715fd809e870c2bb0704e3ea6082f344
  languageName: node
  linkType: hard

"ws@npm:^8.18.0":
  version: 8.18.0
  resolution: "ws@npm:8.18.0"
  peerDependencies:
    bufferutil: ^4.0.1
    utf-8-validate: ">=5.0.2"
  peerDependenciesMeta:
    bufferutil:
      optional: true
    utf-8-validate:
      optional: true
  checksum: 10c0/25eb33aff17edcb90721ed6b0eb250976328533ad3cd1a28a274bd263682e7296a6591ff1436d6cbc50fa67463158b062f9d1122013b361cec99a05f84680e06
  languageName: node
  linkType: hard
