# This file is generated by running "yarn install" inside your project.
# Manual changes might be lost - proceed with caution!

__metadata:
  version: 10
  cacheKey: 10c0

"@discordeno/bot@npm:21.0.0":
  version: 21.0.0
  resolution: "@discordeno/bot@npm:21.0.0"
  dependencies:
    "@discordeno/gateway": "npm:21.0.0"
    "@discordeno/rest": "npm:21.0.0"
    "@discordeno/types": "npm:21.0.0"
    "@discordeno/utils": "npm:21.0.0"
  checksum: 10c0/a0ea9872aa4d1a2bb23542920b69b50ab5b3beaa6715e7fa5f3fe6a7843ec8095ba83af026450ec706111a3941a6a5327cb039641e32dc859216d2762943e808
  languageName: node
  linkType: hard

"@discordeno/gateway@npm:21.0.0":
  version: 21.0.0
  resolution: "@discordeno/gateway@npm:21.0.0"
  dependencies:
    "@discordeno/types": "npm:21.0.0"
    "@discordeno/utils": "npm:21.0.0"
    fzstd: "npm:^0.1.1"
    ws: "npm:^8.18.0"
  dependenciesMeta:
    fzstd:
      optional: true
  checksum: 10c0/7924f6ff44c20dd1bc1aa4e27d21cd42c5ef68cee13dad6d372dae09065d4dd2dfe15b0e541737ad3a359256191c72c1a17932bef2258872a91162cee6a84ce9
  languageName: node
  linkType: hard

"@discordeno/rest@npm:21.0.0":
  version: 21.0.0
  resolution: "@discordeno/rest@npm:21.0.0"
  dependencies:
    "@discordeno/types": "npm:21.0.0"
    "@discordeno/utils": "npm:21.0.0"
  checksum: 10c0/a99fe4ca07236ceb05699af605aa87df7fcf613e2c98136c9198f1357ec27b230bbf3c215ff2e0c8901858e0b55d2add66e7341cf1beb350197a995cd0074b09
  languageName: node
  linkType: hard

"@discordeno/types@npm:21.0.0":
  version: 21.0.0
  resolution: "@discordeno/types@npm:21.0.0"
  checksum: 10c0/5d47321e75cca4aa60f69d8b146c1c87fae4c4f7065a422a41ef17d34747b6d933d1699567a887beca5e6fc086b5cba0db9ca67b34b81f348afdd9432ea2979d
  languageName: node
  linkType: hard

"@discordeno/utils@npm:21.0.0":
  version: 21.0.0
  resolution: "@discordeno/utils@npm:21.0.0"
  dependencies:
    "@discordeno/types": "npm:21.0.0"
  checksum: 10c0/2d49c566bd2ad643dbb4e97781204b6282d184d1b4f795f64bd87eed19ac7ef45329387f4fdc90b23f86929f05291da85a5bff3f13e22eb3ca3b38c19fff2e98
  languageName: node
  linkType: hard

"@fastify/ajv-compiler@npm:^4.0.5":
  version: 4.0.5
  resolution: "@fastify/ajv-compiler@npm:4.0.5"
  dependencies:
    ajv: "npm:^8.12.0"
    ajv-formats: "npm:^3.0.1"
    fast-uri: "npm:^3.0.0"
  checksum: 10c0/b701602c5fad35d1327a6ebda530ca5ba2c7728223cd214b2b24af7cb2522c864b6cbbe77335ddd6a55d03f76899fb009386da783121b7ece136feb7ea937e13
  languageName: node
  linkType: hard

"@fastify/busboy@npm:^3.0.0":
  version: 3.0.0
  resolution: "@fastify/busboy@npm:3.0.0"
  checksum: 10c0/ecc23afc7ca5c2c1d82fa7baf88c0847dc238d3020d11462e5c8e49fd380a4c90f5b7744b9efe013fb866f1eb34972d472e54fcc83b480f99bf7ee498daa6617
  languageName: node
  linkType: hard

"@fastify/deepmerge@npm:^3.0.0":
  version: 3.2.1
  resolution: "@fastify/deepmerge@npm:3.2.1"
  checksum: 10c0/2c0f8b627537834822ec761842e3a57965d3fb59e011ac5f2215b618ce34698e277bcbe4f586b09e4f03347391f292cfef9dccb6bda7b019ea9420d8767ade49
  languageName: node
  linkType: hard

"@fastify/error@npm:^4.0.0":
  version: 4.0.0
  resolution: "@fastify/error@npm:4.0.0"
  checksum: 10c0/074b8a6c350c29a8fc8314298d9457fe0c1ba6e7f160e9ae6ba0e18853f1ec7427d768f966700cbf67a4694f3a9a593c6a23e42ce3ed62e40fecdf8026040d9a
  languageName: node
  linkType: hard

"@fastify/fast-json-stringify-compiler@npm:^5.0.0":
  version: 5.0.1
  resolution: "@fastify/fast-json-stringify-compiler@npm:5.0.1"
  dependencies:
    fast-json-stringify: "npm:^6.0.0"
  checksum: 10c0/dc294c24684fe900b9190f3b4d8e52b6438bf9e737dbd2b3b202d906f71ef1fb406c031c40fc34f52c61f4f00e1a0d5753ce5a88064de371248fb4116c02066b
  languageName: node
  linkType: hard

"@fastify/forwarded@npm:^3.0.0":
  version: 3.0.0
  resolution: "@fastify/forwarded@npm:3.0.0"
  checksum: 10c0/bd139ee46c193ed9e04af2539f31fcb9e542b91917820f6cf401d5715c4c8bcccaae4a148e0ca14eeddee077ad8a3ab73e6f0f1ad769aff861fcef5f0a28e0d2
  languageName: node
  linkType: hard

"@fastify/merge-json-schemas@npm:^0.1.1":
  version: 0.1.1
  resolution: "@fastify/merge-json-schemas@npm:0.1.1"
  dependencies:
    fast-deep-equal: "npm:^3.1.3"
  checksum: 10c0/7979ce12724f7b98aea06f0bb9afb20dd869f0ff6fc697517135cbb54e0a36b062cbb38ec176fe43d1fc455576839240df8f33533939ace2d64a6218a6e6b9c1
  languageName: node
  linkType: hard

"@fastify/merge-json-schemas@npm:^0.2.0":
  version: 0.2.1
  resolution: "@fastify/merge-json-schemas@npm:0.2.1"
  dependencies:
    dequal: "npm:^2.0.3"
  checksum: 10c0/dfa884a8f62d53f71de273fdcd0e501b213367767a7d8c522ae87ba6fb571b3eea85175d6e019036d7c0c5419be60305abe54899b9459f76ed5333358699efcb
  languageName: node
  linkType: hard

"@fastify/multipart@npm:^10.1.0":
  version: 10.1.0
  resolution: "@fastify/multipart@npm:10.1.0"
  dependencies:
    "@fastify/busboy": "npm:^3.0.0"
    "@fastify/deepmerge": "npm:^3.0.0"
    "@fastify/error": "npm:^4.0.0"
    fastify-plugin: "npm:^6.0.0"
    secure-json-parse: "npm:^4.0.0"
  checksum: 10c0/c305393cb53f673c8a12cd7439a1028dda7ae9f4c7c75aba45f3721df5f746651e2670bcd1b5c84544e6bc032b6f8251203c4a8f0153983e992d56dc97c170a1
  languageName: node
  linkType: hard

"@fastify/proxy-addr@npm:^5.0.0":
  version: 5.0.0
  resolution: "@fastify/proxy-addr@npm:5.0.0"
  dependencies:
    "@fastify/forwarded": "npm:^3.0.0"
    ipaddr.js: "npm:^2.1.0"
  checksum: 10c0/5a7d667480c3699015aa9bc12a47b6044106f412725d91a1b90f4a7845390c710486f05d322a895c633fb32a5ba1a17e598cb72e727337862034034443d59bcd
  languageName: node
  linkType: hard

"@influxdata/influxdb-client@npm:^1.35.0":
  version: 1.35.0
  resolution: "@influxdata/influxdb-client@npm:1.35.0"
  checksum: 10c0/7b55f1e884a307d648d39e0e66059c5b6d2c4a7ede3dade07bd98231db28732069ac40282e4fd4144f593a559b703d938375adf31b518381c305929127c522a3
  languageName: node
  linkType: hard

"@pinojs/redact@npm:^0.4.0":
  version: 0.4.0
  resolution: "@pinojs/redact@npm:0.4.0"
  checksum: 10c0/4b311ba17ee0cf154ff9c39eb063ec04cd0d0017cb3750efcdf06c2d485df3e1095e13e872175993568c5568c23e4508dd877c981bbc9c5ae5e384d569efcdff
  languageName: node
  linkType: hard

"@types/amqplib@npm:^0.10.8":
  version: 0.10.8
  resolution: "@types/amqplib@npm:0.10.8"
  dependencies:
    "@types/node": "npm:*"
  checksum: 10c0/9c5ab2e22f2b8dc2ace235d520bbae9453a0f4152b4f84ffa15a313f8840fe31bbf8b454e036f168a178cc44ed73bd3492e9c9cee425e3fcfef8cd5073141bfa
  languageName: node
  linkType: hard

"@types/node@npm:*":
  version: 20.14.2
  resolution: "@types/node@npm:20.14.2"
  dependencies:
    undici-types: "npm:~5.26.4"
  checksum: 10c0/2d86e5f2227aaa42212e82ea0affe72799111b888ff900916376450b02b09b963ca888b20d9c332d8d2b833ed4781987867a38eaa2e4863fa8439071468b0a6f
  languageName: node
  linkType: hard

"@types/node@npm:^26.2.0":
  version: 26.2.0
  resolution: "@types/node@npm:26.2.0"
  dependencies:
    undici-types: "npm:~8.3.0"
  checksum: 10c0/f8566d88162241eb55a46f7e4ea097188eab0aaafefea7a58e63adab8c4144eb98c08b7911452c846104c339a0f82282f5e1ed4b26b578d60709614fe2843f4d
  languageName: node
  linkType: hard

"@typescript/typescript-aix-ppc64@npm:7.0.2":
  version: 7.0.2
  resolution: "@typescript/typescript-aix-ppc64@npm:7.0.2"
  conditions: os=aix & cpu=ppc64
  languageName: node
  linkType: hard

"@typescript/typescript-darwin-arm64@npm:7.0.2":
  version: 7.0.2
  resolution: "@typescript/typescript-darwin-arm64@npm:7.0.2"
  conditions: os=darwin & cpu=arm64
  languageName: node
  linkType: hard

"@typescript/typescript-darwin-x64@npm:7.0.2":
  version: 7.0.2
  resolution: "@typescript/typescript-darwin-x64@npm:7.0.2"
  conditions: os=darwin & cpu=x64
  languageName: node
  linkType: hard

"@typescript/typescript-freebsd-arm64@npm:7.0.2":
  version: 7.0.2
  resolution: "@typescript/typescript-freebsd-arm64@npm:7.0.2"
  conditions: os=freebsd & cpu=arm64
  languageName: node
  linkType: hard

"@typescript/typescript-freebsd-x64@npm:7.0.2":
  version: 7.0.2
  resolution: "@typescript/typescript-freebsd-x64@npm:7.0.2"
  conditions: os=freebsd & cpu=x64
  languageName: node
  linkType: hard

"@typescript/typescript-linux-arm64@npm:7.0.2":
  version: 7.0.2
  resolution: "@typescript/typescript-linux-arm64@npm:7.0.2"
  conditions: os=linux & cpu=arm64
  languageName: node
  linkType: hard

"@typescript/typescript-linux-arm@npm:7.0.2":
  version: 7.0.2
  resolution: "@typescript/typescript-linux-arm@npm:7.0.2"
  conditions: os=linux & cpu=arm
  languageName: node
  linkType: hard

"@typescript/typescript-linux-loong64@npm:7.0.2":
  version: 7.0.2
  resolution: "@typescript/typescript-linux-loong64@npm:7.0.2"
  conditions: os=linux & cpu=loong64
  languageName: node
  linkType: hard

"@typescript/typescript-linux-mips64el@npm:7.0.2":
  version: 7.0.2
  resolution: "@typescript/typescript-linux-mips64el@npm:7.0.2"
  conditions: os=linux & cpu=mips64el
  languageName: node
  linkType: hard

"@typescript/typescript-linux-ppc64@npm:7.0.2":
  version: 7.0.2
  resolution: "@typescript/typescript-linux-ppc64@npm:7.0.2"
  conditions: os=linux & cpu=ppc64
  languageName: node
  linkType: hard

"@typescript/typescript-linux-riscv64@npm:7.0.2":
  version: 7.0.2
  resolution: "@typescript/typescript-linux-riscv64@npm:7.0.2"
  conditions: os=linux & cpu=riscv64
  languageName: node
  linkType: hard

"@typescript/typescript-linux-s390x@npm:7.0.2":
  version: 7.0.2
  resolution: "@typescript/typescript-linux-s390x@npm:7.0.2"
  conditions: os=linux & cpu=s390x
  languageName: node
  linkType: hard

"@typescript/typescript-linux-x64@npm:7.0.2":
  version: 7.0.2
  resolution: "@typescript/typescript-linux-x64@npm:7.0.2"
  conditions: os=linux & cpu=x64
  languageName: node
  linkType: hard

"@typescript/typescript-netbsd-arm64@npm:7.0.2":
  version: 7.0.2
  resolution: "@typescript/typescript-netbsd-arm64@npm:7.0.2"
  conditions: os=netbsd & cpu=arm64
  languageName: node
  linkType: hard

"@typescript/typescript-netbsd-x64@npm:7.0.2":
  version: 7.0.2
  resolution: "@typescript/typescript-netbsd-x64@npm:7.0.2"
  conditions: os=netbsd & cpu=x64
  languageName: node
  linkType: hard

"@typescript/typescript-openbsd-arm64@npm:7.0.2":
  version: 7.0.2
  resolution: "@typescript/typescript-openbsd-arm64@npm:7.0.2"
  conditions: os=openbsd & cpu=arm64
  languageName: node
  linkType: hard

"@typescript/typescript-openbsd-x64@npm:7.0.2":
  version: 7.0.2
  resolution: "@typescript/typescript-openbsd-x64@npm:7.0.2"
  conditions: os=openbsd & cpu=x64
  languageName: node
  linkType: hard

"@typescript/typescript-sunos-x64@npm:7.0.2":
  version: 7.0.2
  resolution: "@typescript/typescript-sunos-x64@npm:7.0.2"
  conditions: os=sunos & cpu=x64
  languageName: node
  linkType: hard

"@typescript/typescript-win32-arm64@npm:7.0.2":
  version: 7.0.2
  resolution: "@typescript/typescript-win32-arm64@npm:7.0.2"
  conditions: os=win32 & cpu=arm64
  languageName: node
  linkType: hard

"@typescript/typescript-win32-x64@npm:7.0.2":
  version: 7.0.2
  resolution: "@typescript/typescript-win32-x64@npm:7.0.2"
  conditions: os=win32 & cpu=x64
  languageName: node
  linkType: hard

"abstract-logging@npm:^2.0.1":
  version: 2.0.1
  resolution: "abstract-logging@npm:2.0.1"
  checksum: 10c0/304879d9babcf6772260e5ddde632e6428e1f42f7a7a116d4689e97ad813a20e0ec2dd1e0a122f3617557f40091b9ca85735de4b48c17a2041268cb47b3f8ef1
  languageName: node
  linkType: hard

"ajv-formats@npm:^3.0.1":
  version: 3.0.1
  resolution: "ajv-formats@npm:3.0.1"
  dependencies:
    ajv: "npm:^8.0.0"
  peerDependencies:
    ajv: ^8.0.0
  peerDependenciesMeta:
    ajv:
      optional: true
  checksum: 10c0/168d6bca1ea9f163b41c8147bae537e67bd963357a5488a1eaf3abe8baa8eec806d4e45f15b10767e6020679315c7e1e5e6803088dfb84efa2b4e9353b83dd0a
  languageName: node
  linkType: hard

"ajv@npm:^8.0.0, ajv@npm:^8.12.0":
  version: 8.18.0
  resolution: "ajv@npm:8.18.0"
  dependencies:
    fast-deep-equal: "npm:^3.1.3"
    fast-uri: "npm:^3.0.1"
    json-schema-traverse: "npm:^1.0.0"
    require-from-string: "npm:^2.0.2"
  checksum: 10c0/e7517c426173513a07391be951879932bdf3348feaebd2199f5b901c20f99d60db8cd1591502d4d551dc82f594e82a05c4fe1c70139b15b8937f7afeaed9532f
  languageName: node
  linkType: hard

"amqplib@npm:^2.0.1":
  version: 2.0.1
  resolution: "amqplib@npm:2.0.1"
  checksum: 10c0/4de6dd3ac92bf59c5d7f00c4948a44288fca1a0abeae8f038c037dfc94bc485fc8c16c6d43759b7e50319b43aa0aff18b8b7566b2b3fbf25b3bf7039b80b3537
  languageName: node
  linkType: hard

"atomic-sleep@npm:^1.0.0":
  version: 1.0.0
  resolution: "atomic-sleep@npm:1.0.0"
  checksum: 10c0/e329a6665512736a9bbb073e1761b4ec102f7926cce35037753146a9db9c8104f5044c1662e4a863576ce544fb8be27cd2be6bc8c1a40147d03f31eb1cfb6e8a
  languageName: node
  linkType: hard

"avvio@npm:^9.0.0":
  version: 9.1.0
  resolution: "avvio@npm:9.1.0"
  dependencies:
    "@fastify/error": "npm:^4.0.0"
    fastq: "npm:^1.17.1"
  checksum: 10c0/bdc294a7e8f38e1e21f9d338d97d7240025db54f1005fc419cfe0499a35edf2276ab1fe91135739faa3a9437358ec6912d5a56f23361b061880333cb4f1c7884
  languageName: node
  linkType: hard

"chalk@npm:^6.0.0":
  version: 6.0.0
  resolution: "chalk@npm:6.0.0"
  checksum: 10c0/47fd9028aa66fa532295525fe3ac5aec5e467e0d86847d4b5f6e01f9c9bb70b6fd1edca79cddc78a0f31a357baa65cc752d30c6557d025904207d113c82d8962
  languageName: node
  linkType: hard

"chokidar@npm:^5.0.0":
  version: 5.0.0
  resolution: "chokidar@npm:5.0.0"
  dependencies:
    readdirp: "npm:^5.0.0"
  checksum: 10c0/42fc907cb2a7ff5c9e220f84dae75380a77997f851c2a5e7865a2cf9ae45dd407a23557208cdcdbf3ac8c93341135a1748e4c48c31855f3bfa095e5159b6bdec
  languageName: node
  linkType: hard

"cookie@npm:^1.0.1":
  version: 1.0.2
  resolution: "cookie@npm:1.0.2"
  checksum: 10c0/fd25fe79e8fbcfcaf6aa61cd081c55d144eeeba755206c058682257cb38c4bd6795c6620de3f064c740695bb65b7949ebb1db7a95e4636efb8357a335ad3f54b
  languageName: node
  linkType: hard

"dd-bigbot@workspace:.":
  version: 0.0.0-use.local
  resolution: "dd-bigbot@workspace:."
  dependencies:
    "@discordeno/bot": "npm:21.0.0"
    "@fastify/multipart": "npm:^10.1.0"
    "@influxdata/influxdb-client": "npm:^1.35.0"
    "@types/amqplib": "npm:^0.10.8"
    "@types/node": "npm:^26.2.0"
    amqplib: "npm:^2.0.1"
    chalk: "npm:^6.0.0"
    chokidar: "npm:^5.0.0"
    dotenv: "npm:^17.4.2"
    fastify: "npm:^5.11.3"
    typescript: "npm:^7.0.2"
  languageName: unknown
  linkType: soft

"dequal@npm:^2.0.3":
  version: 2.0.3
  resolution: "dequal@npm:2.0.3"
  checksum: 10c0/f98860cdf58b64991ae10205137c0e97d384c3a4edc7f807603887b7c4b850af1224a33d88012009f150861cbee4fa2d322c4cc04b9313bee312e47f6ecaa888
  languageName: node
  linkType: hard

"dotenv@npm:^17.4.2":
  version: 17.4.2
  resolution: "dotenv@npm:17.4.2"
  checksum: 10c0/164f8e77a646c8446867d5b588d26ea6005c8ea7c5eb41cf926f6113d23f2191355f6e0cfd95ea9bab98394a5b0a3f1e51a8399711b666fe55cc7b0bd745f942
  languageName: node
  linkType: hard

"fast-decode-uri-component@npm:^1.0.1":
  version: 1.0.1
  resolution: "fast-decode-uri-component@npm:1.0.1"
  checksum: 10c0/039d50c2e99d64f999c3f2126c23fbf75a04a4117e218a149ca0b1d2aeb8c834b7b19d643b9d35d4eabce357189a6a94085f78cf48869e6e26cc59b036284bc3
  languageName: node
  linkType: hard

"fast-deep-equal@npm:^3.1.3":
  version: 3.1.3
  resolution: "fast-deep-equal@npm:3.1.3"
  checksum: 10c0/40dedc862eb8992c54579c66d914635afbec43350afbbe991235fdcb4e3a8d5af1b23ae7e79bef7d4882d0ecee06c3197488026998fb19f72dc95acff1d1b1d0
  languageName: node
  linkType: hard

"fast-json-stringify@npm:^6.0.0":
  version: 6.0.0
  resolution: "fast-json-stringify@npm:6.0.0"
  dependencies:
    "@fastify/merge-json-schemas": "npm:^0.1.1"
    ajv: "npm:^8.12.0"
    ajv-formats: "npm:^3.0.1"
    fast-deep-equal: "npm:^3.1.3"
    fast-uri: "npm:^2.3.0"
    json-schema-ref-resolver: "npm:^1.0.1"
    rfdc: "npm:^1.2.0"
  checksum: 10c0/590bbb284df45972822773ebc41c8592c412cc8c2d123d43a41579c9972ff8004d1aea7d0c7cffaebf246ee28be964d605ad9d52bb96c26d8dc5fa4e225c1998
  languageName: node
  linkType: hard

"fast-json-stringify@npm:^7.0.0":
  version: 7.0.1
  resolution: "fast-json-stringify@npm:7.0.1"
  dependencies:
    "@fastify/merge-json-schemas": "npm:^0.2.0"
    ajv: "npm:^8.12.0"
    ajv-formats: "npm:^3.0.1"
    fast-uri: "npm:^4.0.0"
    json-schema-ref-resolver: "npm:^3.0.0"
    rfdc: "npm:^1.2.0"
  checksum: 10c0/02da1a456a13bd36aecf50255f04514719d77c295a9fbfac53f7d17f6d8e0bc574b2457a899384fc243637e73b047f8f375d9b2fb3c2c265c6e53dad464b40e0
  languageName: node
  linkType: hard

"fast-querystring@npm:^1.0.0":
  version: 1.1.2
  resolution: "fast-querystring@npm:1.1.2"
  dependencies:
    fast-decode-uri-component: "npm:^1.0.1"
  checksum: 10c0/e8223273a9b199722f760f5a047a77ad049a14bd444b821502cb8218f5925e3a5fffb56b64389bca73ab2ac6f1aa7aebbe4e203e5f6e53ff5978de97c0fde4e3
  languageName: node
  linkType: hard

"fast-uri@npm:^2.3.0":
  version: 2.4.4
  resolution: "fast-uri@npm:2.4.4"
  checksum: 10c0/999344391f328fdbc40f4495e43a1099055d026fc501c30a912844104479afc44202cee4aa37df056c965d925f8ee110935160434ccb24857e0ec7a01613f213
  languageName: node
  linkType: hard

"fast-uri@npm:^3.0.0, fast-uri@npm:^3.0.1":
  version: 3.1.2
  resolution: "fast-uri@npm:3.1.2"
  checksum: 10c0/5b35641895959f3f7ab7a7b1b5542bded159346f25ec9f256817b206d50b64eda5828e90d605a2e2fc645c90519a7259c2bab2c942ee728c88b88e5be21b090d
  languageName: node
  linkType: hard

"fast-uri@npm:^4.0.0":
  version: 4.1.2
  resolution: "fast-uri@npm:4.1.2"
  checksum: 10c0/539fda19fbc7ada89ac8c5beca3c7ab57d643789485ca25f2b88f94edaea3fc90d553ecd55d85b95d5c819ab2bf57f6ff7880aa0a92d0883e25bd35f30860e6a
  languageName: node
  linkType: hard

"fastify-plugin@npm:^6.0.0":
  version: 6.0.0
  resolution: "fastify-plugin@npm:6.0.0"
  checksum: 10c0/4d9207efcbb0e6e8bd849eb8e00b097ae2d73590b1499f51d0bed135d08664e19d9428f2e8fc1a126b55ec4d2ac011dbcc72e753c255c46a751d6d34b57e5d4f
  languageName: node
  linkType: hard

"fastify@npm:^5.11.3":
  version: 5.11.3
  resolution: "fastify@npm:5.11.3"
  dependencies:
    "@fastify/ajv-compiler": "npm:^4.0.5"
    "@fastify/error": "npm:^4.0.0"
    "@fastify/fast-json-stringify-compiler": "npm:^5.0.0"
    "@fastify/proxy-addr": "npm:^5.0.0"
    abstract-logging: "npm:^2.0.1"
    avvio: "npm:^9.0.0"
    fast-json-stringify: "npm:^7.0.0"
    find-my-way: "npm:^9.6.0"
    light-my-request: "npm:^6.0.0"
    pino: "npm:^9.14.0 || ^10.1.0"
    process-warning: "npm:^5.0.0"
    rfdc: "npm:^1.3.1"
    secure-json-parse: "npm:^4.0.0"
    semver: "npm:^7.6.0"
    toad-cache: "npm:^3.7.0"
  checksum: 10c0/a48aeb99e3dd5fe932400d5610f7cf7d4b3c9915f231090a598d469564e21c7fe0513e8e49bbc713a2a9e8f882960bfea295c30f7af61feb32b1f9a7277c16d1
  languageName: node
  linkType: hard

"fastq@npm:^1.17.1":
  version: 1.17.1
  resolution: "fastq@npm:1.17.1"
  dependencies:
    reusify: "npm:^1.0.4"
  checksum: 10c0/1095f16cea45fb3beff558bb3afa74ca7a9250f5a670b65db7ed585f92b4b48381445cd328b3d87323da81e43232b5d5978a8201bde84e0cd514310f1ea6da34
  languageName: node
  linkType: hard

"find-my-way@npm:^9.6.0":
  version: 9.7.0
  resolution: "find-my-way@npm:9.7.0"
  dependencies:
    fast-deep-equal: "npm:^3.1.3"
    fast-querystring: "npm:^1.0.0"
    safe-regex2: "npm:^5.0.0"
  checksum: 10c0/0c7c15397075fe916ea11bb42e3464aec9025dfec01aef515e2fc70c362e662c4a8626e27cebe263fe5c31cfed7ce792a2a6b411b73dac996d0c2b2202af4a88
  languageName: node
  linkType: hard

"fzstd@npm:^0.1.1":
  version: 0.1.1
  resolution: "fzstd@npm:0.1.1"
  checksum: 10c0/c4ae25a4b9e7ac58e9716fcb0c4ec19f3e678d90a67a59e97ce361beb27e4aa4b8666b58b4dc2d715e92db4b65b189c978186a5fedba6fccb5ec9765717dd1cd
  languageName: node
  linkType: hard

"ipaddr.js@npm:^2.1.0":
  version: 2.2.0
  resolution: "ipaddr.js@npm:2.2.0"
  checksum: 10c0/e4ee875dc1bd92ac9d27e06cfd87cdb63ca786ff9fd7718f1d4f7a8ef27db6e5d516128f52d2c560408cbb75796ac2f83ead669e73507c86282d45f84c5abbb6
  languageName: node
  linkType: hard

"json-schema-ref-resolver@npm:^1.0.1":
  version: 1.0.1
  resolution: "json-schema-ref-resolver@npm:1.0.1"
  dependencies:
    fast-deep-equal: "npm:^3.1.3"
  checksum: 10c0/aa89d88108c0109ae35b913c89c132fb50c00f3b99fc8a8309b524b9e3a6a77414f19a6a35a1253871462984cbabc74279ebbd9bf103c6629fb7b37c9fb59bcf
  languageName: node
  linkType: hard

"json-schema-ref-resolver@npm:^3.0.0":
  version: 3.0.0
  resolution: "json-schema-ref-resolver@npm:3.0.0"
  dependencies:
    dequal: "npm:^2.0.3"
  checksum: 10c0/0b6f4b66951ac0f6864949c08317cf0b7f7ae94e8da0b94e40df3561dc1a0b77a69b669d60aa1511b06aa18469203886eb2e89fd6bb3dcf0be46c329d69b0115
  languageName: node
  linkType: hard

"json-schema-traverse@npm:^1.0.0":
  version: 1.0.0
  resolution: "json-schema-traverse@npm:1.0.0"
  checksum: 10c0/71e30015d7f3d6dc1c316d6298047c8ef98a06d31ad064919976583eb61e1018a60a0067338f0f79cabc00d84af3fcc489bd48ce8a46ea165d9541ba17fb30c6
  languageName: node
  linkType: hard

"light-my-request@npm:^6.0.0":
  version: 6.3.0
  resolution: "light-my-request@npm:6.3.0"
  dependencies:
    cookie: "npm:^1.0.1"
    process-warning: "npm:^4.0.0"
    set-cookie-parser: "npm:^2.6.0"
  checksum: 10c0/a5b33461a7c6a00f5ed89fd62aa384d424c480566ee5016c8d2becd87eb5d5c7d60b4fffcdcc6ac4b64283df7a91c50423a1baae19aa131e7eaba2fd493c092b
  languageName: node
  linkType: hard

"on-exit-leak-free@npm:^2.1.0":
  version: 2.1.2
  resolution: "on-exit-leak-free@npm:2.1.2"
  checksum: 10c0/faea2e1c9d696ecee919026c32be8d6a633a7ac1240b3b87e944a380e8a11dc9c95c4a1f8fb0568de7ab8db3823e790f12bda45296b1d111e341aad3922a0570
  languageName: node
  linkType: hard

"pino-abstract-transport@npm:^3.0.0":
  version: 3.0.0
  resolution: "pino-abstract-transport@npm:3.0.0"
  dependencies:
    split2: "npm:^4.0.0"
  checksum: 10c0/4486e1b9508110aaf963d07741ac98d660b974dd51d8ad42077d215118e27cda20c64da46c07c926898d52540aab7c6b9c37dc0f5355c203bb1d6a72b5bd8d6c
  languageName: node
  linkType: hard

"pino-std-serializers@npm:^7.0.0":
  version: 7.0.0
  resolution: "pino-std-serializers@npm:7.0.0"
  checksum: 10c0/73e694d542e8de94445a03a98396cf383306de41fd75ecc07085d57ed7a57896198508a0dec6eefad8d701044af21eb27253ccc352586a03cf0d4a0bd25b4133
  languageName: node
  linkType: hard

"pino@npm:^9.14.0 || ^10.1.0":
  version: 10.3.1
  resolution: "pino@npm:10.3.1"
  dependencies:
    "@pinojs/redact": "npm:^0.4.0"
    atomic-sleep: "npm:^1.0.0"
    on-exit-leak-free: "npm:^2.1.0"
    pino-abstract-transport: "npm:^3.0.0"
    pino-std-serializers: "npm:^7.0.0"
    process-warning: "npm:^5.0.0"
    quick-format-unescaped: "npm:^4.0.3"
    real-require: "npm:^0.2.0"
    safe-stable-stringify: "npm:^2.3.1"
    sonic-boom: "npm:^4.0.1"
    thread-stream: "npm:^4.0.0"
  bin:
    pino: bin.js
  checksum: 10c0/ae1c57f2baac85dd5d63a3500746d5ea1cfc4bfcbf356eaec94d42a782eeb80caa4d4614de43a036cf48e2aed46d855a7ff21b126f55a63811def52a894ef937
  languageName: node
  linkType: hard

"process-warning@npm:^4.0.0":
  version: 4.0.0
  resolution: "process-warning@npm:4.0.0"
  checksum: 10c0/5312a72b69d37a1b82ad03f3dfa0090dab3804a8fd995d06c28e3c002852bd82f5584217d9f4a3f197892bb2afc22d57e2c662c7e906b5abb48c0380c7b0880d
  languageName: node
  linkType: hard

"process-warning@npm:^5.0.0":
  version: 5.0.0
  resolution: "process-warning@npm:5.0.0"
  checksum: 10c0/941f48863d368ec161e0b5890ba0c6af94170078f3d6b5e915c19b36fb59edb0dc2f8e834d25e0d375a8bf368a49d490f080508842168832b93489d17843ec29
  languageName: node
  linkType: hard

"quick-format-unescaped@npm:^4.0.3":
  version: 4.0.4
  resolution: "quick-format-unescaped@npm:4.0.4"
  checksum: 10c0/fe5acc6f775b172ca5b4373df26f7e4fd347975578199e7d74b2ae4077f0af05baa27d231de1e80e8f72d88275ccc6028568a7a8c9ee5e7368ace0e18eff93a4
  languageName: node
  linkType: hard

"readdirp@npm:^5.0.0":
  version: 5.1.1
  resolution: "readdirp@npm:5.1.1"
  checksum: 10c0/5e99755684b9104761e48801828f4d2614efa33b1698629929c5985184dc63a7f8233c827832c40dc7be16b00cc871d303cf9de396d2fb74b9465ee2aa2424a1
  languageName: node
  linkType: hard

"real-require@npm:^0.2.0":
  version: 0.2.0
  resolution: "real-require@npm:0.2.0"
  checksum: 10c0/23eea5623642f0477412ef8b91acd3969015a1501ed34992ada0e3af521d3c865bb2fe4cdbfec5fe4b505f6d1ef6a03e5c3652520837a8c3b53decff7e74b6a0
  languageName: node
  linkType: hard

"require-from-string@npm:^2.0.2":
  version: 2.0.2
  resolution: "require-from-string@npm:2.0.2"
  checksum: 10c0/aaa267e0c5b022fc5fd4eef49d8285086b15f2a1c54b28240fdf03599cbd9c26049fee3eab894f2e1f6ca65e513b030a7c264201e3f005601e80c49fb2937ce2
  languageName: node
  linkType: hard

"ret@npm:~0.5.0":
  version: 0.5.0
  resolution: "ret@npm:0.5.0"
  checksum: 10c0/220868b194f87bf1998e32e409086eec6b39e860c052bf267f8ad4d0131706a9773d45fd3f91acfb1a7c928fce002b694ab86fdba90bc8d4b8df68fa8645c5cc
  languageName: node
  linkType: hard

"reusify@npm:^1.0.4":
  version: 1.0.4
  resolution: "reusify@npm:1.0.4"
  checksum: 10c0/c19ef26e4e188f408922c46f7ff480d38e8dfc55d448310dfb518736b23ed2c4f547fb64a6ed5bdba92cd7e7ddc889d36ff78f794816d5e71498d645ef476107
  languageName: node
  linkType: hard

"rfdc@npm:^1.2.0":
  version: 1.3.1
  resolution: "rfdc@npm:1.3.1"
  checksum: 10c0/69f65e3ed30970f8055fac9fbbef9ce578800ca19554eab1dcbffe73a4b8aef536bc4248313889cf25e3b4e38b212c721eabe30856575bf2b2bc3d90f8ba93ef
  languageName: node
  linkType: hard

"rfdc@npm:^1.3.1":
  version: 1.4.1
  resolution: "rfdc@npm:1.4.1"
  checksum: 10c0/4614e4292356cafade0b6031527eea9bc90f2372a22c012313be1dcc69a3b90c7338158b414539be863fa95bfcb2ddcd0587be696841af4e6679d85e62c060c7
  languageName: node
  linkType: hard

"safe-regex2@npm:^5.0.0":
  version: 5.1.1
  resolution: "safe-regex2@npm:5.1.1"
  dependencies:
    ret: "npm:~0.5.0"
  bin:
    safe-regex2: bin/safe-regex2.js
  checksum: 10c0/65c59fb33de8e500fa1d7254cc7f9b6b8b932f925bcfc8d92273ec024c259052a2b3c975bbf5a9f9dd49cd3b0fa394fb56f36d6b10e394404056edfd1223fd17
  languageName: node
  linkType: hard

"safe-stable-stringify@npm:^2.3.1":
  version: 2.4.3
  resolution: "safe-stable-stringify@npm:2.4.3"
  checksum: 10c0/81dede06b8f2ae794efd868b1e281e3c9000e57b39801c6c162267eb9efda17bd7a9eafa7379e1f1cacd528d4ced7c80d7460ad26f62ada7c9e01dec61b2e768
  languageName: node
  linkType: hard

"secure-json-parse@npm:^4.0.0":
  version: 4.0.0
  resolution: "secure-json-parse@npm:4.0.0"
  checksum: 10c0/1a298cf00e1de91e833cee5eb406d6e77fb2f7eca9bef3902047d49e7f5d3e6c21b5de61ff73466c831e716430bfe87d732a6e645a7dabb5f1e8a8e4d3e15eb4
  languageName: node
  linkType: hard

"semver@npm:^7.6.0":
  version: 7.6.3
  resolution: "semver@npm:7.6.3"
  bin:
    semver: bin/semver.js
  checksum: 10c0/88f33e148b210c153873cb08cfe1e281d518aaa9a666d4d148add6560db5cd3c582f3a08ccb91f38d5f379ead256da9931234ed122057f40bb5766e65e58adaf
  languageName: node
  linkType: hard

"set-cookie-parser@npm:^2.6.0":
  version: 2.7.1
  resolution: "set-cookie-parser@npm:2.7.1"
  checksum: 10c0/060c198c4c92547ac15988256f445eae523f57f2ceefeccf52d30d75dedf6bff22b9c26f756bd44e8e560d44ff4ab2130b178bd2e52ef5571bf7be3bd7632d9a
  languageName: node
  linkType: hard

"sonic-boom@npm:^4.0.1":
  version: 4.0.1
  resolution: "sonic-boom@npm:4.0.1"
  dependencies:
    atomic-sleep: "npm:^1.0.0"
  checksum: 10c0/7b467f2bc8af7ff60bf210382f21c59728cc4b769af9b62c31dd88723f5cc472752d2320736cc366acc7c765ddd5bec3072c033b0faf249923f576a7453ba9d3
  languageName: node
  linkType: hard

"split2@npm:^4.0.0":
  version: 4.2.0
  resolution: "split2@npm:4.2.0"
  checksum: 10c0/b292beb8ce9215f8c642bb68be6249c5a4c7f332fc8ecadae7be5cbdf1ea95addc95f0459ef2e7ad9d45fd1064698a097e4eb211c83e772b49bc0ee423e91534
  languageName: node
  linkType: hard

"thread-stream@npm:^4.0.0":
  version: 4.0.0
  resolution: "thread-stream@npm:4.0.0"
  dependencies:
    real-require: "npm:^0.2.0"
  checksum: 10c0/f0a47a673af574062df20140ec3e857d679365253fcaa98a76c167c9a053ee03291f4b25bd89b078c7f6a48f07f49d5a49e4f5598bb1c8a263ec15955a018fbd
  languageName: node
  linkType: hard

"toad-cache@npm:^3.7.0":
  version: 3.7.0
  resolution: "toad-cache@npm:3.7.0"
  checksum: 10c0/7dae2782ee20b22c9798bb8b71dec7ec6a0091021d2ea9dd6e8afccab6b65b358fdba49a02209fac574499702e2c000660721516c87c2538d1b2c0ba03e8c0c3
  languageName: node
  linkType: hard

"typescript@npm:^7.0.2":
  version: 7.0.2
  resolution: "typescript@npm:7.0.2"
  dependencies:
    "@typescript/typescript-aix-ppc64": "npm:7.0.2"
    "@typescript/typescript-darwin-arm64": "npm:7.0.2"
    "@typescript/typescript-darwin-x64": "npm:7.0.2"
    "@typescript/typescript-freebsd-arm64": "npm:7.0.2"
    "@typescript/typescript-freebsd-x64": "npm:7.0.2"
    "@typescript/typescript-linux-arm": "npm:7.0.2"
    "@typescript/typescript-linux-arm64": "npm:7.0.2"
    "@typescript/typescript-linux-loong64": "npm:7.0.2"
    "@typescript/typescript-linux-mips64el": "npm:7.0.2"
    "@typescript/typescript-linux-ppc64": "npm:7.0.2"
    "@typescript/typescript-linux-riscv64": "npm:7.0.2"
    "@typescript/typescript-linux-s390x": "npm:7.0.2"
    "@typescript/typescript-linux-x64": "npm:7.0.2"
    "@typescript/typescript-netbsd-arm64": "npm:7.0.2"
    "@typescript/typescript-netbsd-x64": "npm:7.0.2"
    "@typescript/typescript-openbsd-arm64": "npm:7.0.2"
    "@typescript/typescript-openbsd-x64": "npm:7.0.2"
    "@typescript/typescript-sunos-x64": "npm:7.0.2"
    "@typescript/typescript-win32-arm64": "npm:7.0.2"
    "@typescript/typescript-win32-x64": "npm:7.0.2"
  dependenciesMeta:
    "@typescript/typescript-aix-ppc64":
      optional: true
    "@typescript/typescript-darwin-arm64":
      optional: true
    "@typescript/typescript-darwin-x64":
      optional: true
    "@typescript/typescript-freebsd-arm64":
      optional: true
    "@typescript/typescript-freebsd-x64":
      optional: true
    "@typescript/typescript-linux-arm":
      optional: true
    "@typescript/typescript-linux-arm64":
      optional: true
    "@typescript/typescript-linux-loong64":
      optional: true
    "@typescript/typescript-linux-mips64el":
      optional: true
    "@typescript/typescript-linux-ppc64":
      optional: true
    "@typescript/typescript-linux-riscv64":
      optional: true
    "@typescript/typescript-linux-s390x":
      optional: true
    "@typescript/typescript-linux-x64":
      optional: true
    "@typescript/typescript-netbsd-arm64":
      optional: true
    "@typescript/typescript-netbsd-x64":
      optional: true
    "@typescript/typescript-openbsd-arm64":
      optional: true
    "@typescript/typescript-openbsd-x64":
      optional: true
    "@typescript/typescript-sunos-x64":
      optional: true
    "@typescript/typescript-win32-arm64":
      optional: true
    "@typescript/typescript-win32-x64":
      optional: true
  bin:
    tsc: bin/tsc
  checksum: 10c0/3dcee51ec8c332492325bcdbf7df48b66668751f127e622ae7d41b6c716eb19184424a45e14f7750f50f340232388b69e6287859155f06a5ce2df76f12cb31cf
  languageName: node
  linkType: hard

"typescript@patch:typescript@npm%3A^7.0.2#optional!builtin<compat/typescript>":
  version: 7.0.2
  resolution: "typescript@patch:typescript@npm%3A7.0.2#optional!builtin<compat/typescript>::version=7.0.2&hash=3bafbf"
  dependencies:
    "@typescript/typescript-aix-ppc64": "npm:7.0.2"
    "@typescript/typescript-darwin-arm64": "npm:7.0.2"
    "@typescript/typescript-darwin-x64": "npm:7.0.2"
    "@typescript/typescript-freebsd-arm64": "npm:7.0.2"
    "@typescript/typescript-freebsd-x64": "npm:7.0.2"
    "@typescript/typescript-linux-arm": "npm:7.0.2"
    "@typescript/typescript-linux-arm64": "npm:7.0.2"
    "@typescript/typescript-linux-loong64": "npm:7.0.2"
    "@typescript/typescript-linux-mips64el": "npm:7.0.2"
    "@typescript/typescript-linux-ppc64": "npm:7.0.2"
    "@typescript/typescript-linux-riscv64": "npm:7.0.2"
    "@typescript/typescript-linux-s390x": "npm:7.0.2"
    "@typescript/typescript-linux-x64": "npm:7.0.2"
    "@typescript/typescript-netbsd-arm64": "npm:7.0.2"
    "@typescript/typescript-netbsd-x64": "npm:7.0.2"
    "@typescript/typescript-openbsd-arm64": "npm:7.0.2"
    "@typescript/typescript-openbsd-x64": "npm:7.0.2"
    "@typescript/typescript-sunos-x64": "npm:7.0.2"
    "@typescript/typescript-win32-arm64": "npm:7.0.2"
    "@typescript/typescript-win32-x64": "npm:7.0.2"
  dependenciesMeta:
    "@typescript/typescript-aix-ppc64":
      optional: true
    "@typescript/typescript-darwin-arm64":
      optional: true
    "@typescript/typescript-darwin-x64":
      optional: true
    "@typescript/typescript-freebsd-arm64":
      optional: true
    "@typescript/typescript-freebsd-x64":
      optional: true
    "@typescript/typescript-linux-arm":
      optional: true
    "@typescript/typescript-linux-arm64":
      optional: true
    "@typescript/typescript-linux-loong64":
      optional: true
    "@typescript/typescript-linux-mips64el":
      optional: true
    "@typescript/typescript-linux-ppc64":
      optional: true
    "@typescript/typescript-linux-riscv64":
      optional: true
    "@typescript/typescript-linux-s390x":
      optional: true
    "@typescript/typescript-linux-x64":
      optional: true
    "@typescript/typescript-netbsd-arm64":
      optional: true
    "@typescript/typescript-netbsd-x64":
      optional: true
    "@typescript/typescript-openbsd-arm64":
      optional: true
    "@typescript/typescript-openbsd-x64":
      optional: true
    "@typescript/typescript-sunos-x64":
      optional: true
    "@typescript/typescript-win32-arm64":
      optional: true
    "@typescript/typescript-win32-x64":
      optional: true
  bin:
    tsc: bin/tsc
  checksum: 10c0/6b3cdc369cd829d46e00734ea64233ee84419c2825ad8fe408915adde77abced4b7a2401f7eed517d54a7a4f5d1c1869753cb99018df1c2159c761d9f33483a6
  languageName: node
  linkType: hard

"undici-types@npm:~5.26.4":
  version: 5.26.5
  resolution: "undici-types@npm:5.26.5"
  checksum: 10c0/bb673d7876c2d411b6eb6c560e0c571eef4a01c1c19925175d16e3a30c4c428181fb8d7ae802a261f283e4166a0ac435e2f505743aa9e45d893f9a3df017b501
  languageName: node
  linkType: hard

"undici-types@npm:~8.3.0":
  version: 8.3.0
  resolution: "undici-types@npm:8.3.0"
  checksum: 10c0/c8aa7e2fbebfce519654dafadc0ece59be888d2ccaf180fb4495da875e7b536d2456345c384069c7e6f3e9c9ab7435f074957da306f142343eee86ff8048855a
  languageName: node
  linkType: hard

"ws@npm:^8.18.0":
  version: 8.21.0
  resolution: "ws@npm:8.21.0"
  peerDependencies:
    bufferutil: ^4.0.1
    utf-8-validate: ">=5.0.2"
  peerDependenciesMeta:
    bufferutil:
      optional: true
    utf-8-validate:
      optional: true
  checksum: 10c0/ef4a243476283fc49bc7550966c4af4aa0eef56273837211e700de3b664e08604a760cdddcb5ba43c049140e74ccfec5b0ee0bb439e08c2adf9138902fdde5f9
  languageName: node
  linkType: hard
