{
  "name": "nodejs-template",
  "version": "1.0.0",
  "lockfileVersion": 2,
  "requires": true,
  "packages": {
    "": {
      "name": "nodejs-template",
      "version": "1.0.0",
      "license": "ISC",
      "dependencies": {
        "discordeno": "^13.0.0-rc26",
        "discordeno.js": "file:Discord"
      }
    },
    "Discord": {
      "name": "discordeno.js",
      "version": "0.0.1"
    },
    "node_modules/@deno/shim-deno": {
      "version": "0.3.1",
      "resolved": "https://registry.npmjs.org/@deno/shim-deno/-/shim-deno-0.3.1.tgz",
      "integrity": "sha512-Ph5l6JT+8cvxbJWTZqqAJzlfTL1cBPHZOZ6dm0s32yARR4t+/xTujab5hDJTfXqoSe/y1VCp0PJqQyQPHmFmoA==",
      "dependencies": {
        "@deno/shim-deno-test": "^0.3.2",
        "which": "^2.0.2"
      }
    },
    "node_modules/@deno/shim-deno-test": {
      "version": "0.3.2",
      "resolved": "https://registry.npmjs.org/@deno/shim-deno-test/-/shim-deno-test-0.3.2.tgz",
      "integrity": "sha512-STxWMnLuA0/bT0F41yKx6AbyzVVSjXYvgleFE4xit/m4aooMG/0Bs0MiQUe95EVS8DrzYmWbuCtdIlWymAdlsw=="
    },
    "node_modules/@deno/shim-timers": {
      "version": "0.1.0",
      "resolved": "https://registry.npmjs.org/@deno/shim-timers/-/shim-timers-0.1.0.tgz",
      "integrity": "sha512-XFRnB5Rtbkd5RiYHwhugNK9gvDgYXmFTUOT5dmhWCKG7WnOWZggbJMnH1NcyYS3QgHvmaTOaHCyNFNSv57j3Dg=="
    },
    "node_modules/discordeno": {
      "version": "13.0.0-rc26",
      "resolved": "https://registry.npmjs.org/discordeno/-/discordeno-13.0.0-rc26.tgz",
      "integrity": "sha512-GDMk4H9xnExZN4hqGR2S5UHUaxLzopD8n5y3QtuGq36ZWathLcWGEdnC4gIW0e3RDu1tnS8ICb2OrRwo1Mq+xA==",
      "dependencies": {
        "@deno/shim-deno": "~0.3.0",
        "@deno/shim-timers": "~0.1.0",
        "undici": "^4.12.1",
        "ws": "^8.4.0"
      }
    },
    "node_modules/discordeno.js": {
      "resolved": "Discord",
      "link": true
    },
    "node_modules/isexe": {
      "version": "2.0.0",
      "resolved": "https://registry.npmjs.org/isexe/-/isexe-2.0.0.tgz",
      "integrity": "sha1-6PvzdNxVb/iUehDcsFctYz8s+hA="
    },
    "node_modules/undici": {
      "version": "4.16.0",
      "resolved": "https://registry.npmjs.org/undici/-/undici-4.16.0.tgz",
      "integrity": "sha512-tkZSECUYi+/T1i4u+4+lwZmQgLXd4BLGlrc7KZPcLIW7Jpq99+Xpc30ONv7nS6F5UNOxp/HBZSSL9MafUrvJbw==",
      "engines": {
        "node": ">=12.18"
      }
    },
    "node_modules/which": {
      "version": "2.0.2",
      "resolved": "https://registry.npmjs.org/which/-/which-2.0.2.tgz",
      "integrity": "sha512-BLI3Tl1TW3Pvl70l3yq3Y64i+awpwXqsGBYWkkqMtnbXgrMD+yj7rhW0kuEDxzJaYXGjEW5ogapKNMEKNMjibA==",
      "dependencies": {
        "isexe": "^2.0.0"
      },
      "bin": {
        "node-which": "bin/node-which"
      },
      "engines": {
        "node": ">= 8"
      }
    },
    "node_modules/ws": {
      "version": "8.5.0",
      "resolved": "https://registry.npmjs.org/ws/-/ws-8.5.0.tgz",
      "integrity": "sha512-BWX0SWVgLPzYwF8lTzEy1egjhS4S4OEAHfsO8o65WOVsrnSRGaSiUaa9e0ggGlkMTtBlmOpEXiie9RUcBO86qg==",
      "engines": {
        "node": ">=10.0.0"
      },
      "peerDependencies": {
        "bufferutil": "^4.0.1",
        "utf-8-validate": "^5.0.2"
      },
      "peerDependenciesMeta": {
        "bufferutil": {
          "optional": true
        },
        "utf-8-validate": {
          "optional": true
        }
      }
    }
  },
  "dependencies": {
    "@deno/shim-deno": {
      "version": "0.3.1",
      "resolved": "https://registry.npmjs.org/@deno/shim-deno/-/shim-deno-0.3.1.tgz",
      "integrity": "sha512-Ph5l6JT+8cvxbJWTZqqAJzlfTL1cBPHZOZ6dm0s32yARR4t+/xTujab5hDJTfXqoSe/y1VCp0PJqQyQPHmFmoA==",
      "requires": {
        "@deno/shim-deno-test": "^0.3.2",
        "which": "^2.0.2"
      }
    },
    "@deno/shim-deno-test": {
      "version": "0.3.2",
      "resolved": "https://registry.npmjs.org/@deno/shim-deno-test/-/shim-deno-test-0.3.2.tgz",
      "integrity": "sha512-STxWMnLuA0/bT0F41yKx6AbyzVVSjXYvgleFE4xit/m4aooMG/0Bs0MiQUe95EVS8DrzYmWbuCtdIlWymAdlsw=="
    },
    "@deno/shim-timers": {
      "version": "0.1.0",
      "resolved": "https://registry.npmjs.org/@deno/shim-timers/-/shim-timers-0.1.0.tgz",
      "integrity": "sha512-XFRnB5Rtbkd5RiYHwhugNK9gvDgYXmFTUOT5dmhWCKG7WnOWZggbJMnH1NcyYS3QgHvmaTOaHCyNFNSv57j3Dg=="
    },
    "discordeno": {
      "version": "13.0.0-rc26",
      "resolved": "https://registry.npmjs.org/discordeno/-/discordeno-13.0.0-rc26.tgz",
      "integrity": "sha512-GDMk4H9xnExZN4hqGR2S5UHUaxLzopD8n5y3QtuGq36ZWathLcWGEdnC4gIW0e3RDu1tnS8ICb2OrRwo1Mq+xA==",
      "requires": {
        "@deno/shim-deno": "~0.3.0",
        "@deno/shim-timers": "~0.1.0",
        "undici": "^4.12.1",
        "ws": "^8.4.0"
      }
    },
    "discordeno.js": {
      "version": "file:Discord"
    },
    "isexe": {
      "version": "2.0.0",
      "resolved": "https://registry.npmjs.org/isexe/-/isexe-2.0.0.tgz",
      "integrity": "sha1-6PvzdNxVb/iUehDcsFctYz8s+hA="
    },
    "undici": {
      "version": "4.16.0",
      "resolved": "https://registry.npmjs.org/undici/-/undici-4.16.0.tgz",
      "integrity": "sha512-tkZSECUYi+/T1i4u+4+lwZmQgLXd4BLGlrc7KZPcLIW7Jpq99+Xpc30ONv7nS6F5UNOxp/HBZSSL9MafUrvJbw=="
    },
    "which": {
      "version": "2.0.2",
      "resolved": "https://registry.npmjs.org/which/-/which-2.0.2.tgz",
      "integrity": "sha512-BLI3Tl1TW3Pvl70l3yq3Y64i+awpwXqsGBYWkkqMtnbXgrMD+yj7rhW0kuEDxzJaYXGjEW5ogapKNMEKNMjibA==",
      "requires": {
        "isexe": "^2.0.0"
      }
    },
    "ws": {
      "version": "8.5.0",
      "resolved": "https://registry.npmjs.org/ws/-/ws-8.5.0.tgz",
      "integrity": "sha512-BWX0SWVgLPzYwF8lTzEy1egjhS4S4OEAHfsO8o65WOVsrnSRGaSiUaa9e0ggGlkMTtBlmOpEXiie9RUcBO86qg==",
      "requires": {}
    }
  }
}
